
Microsoft Visual Studio Solution File, Format Version 12.00
# Visual Studio Version 16
VisualStudioVersion = 16.0.32228.343
MinimumVisualStudioVersion = 10.0.40219.1
Project("{FAE04EC0-301F-11D3-BF4B-00C04F79EFBC}") = "Thuchanh", "Thuchanh\Thuchanh.csproj", "{231D235A-188B-4076-B533-731C4B303962}"
EndProject
Global
	GlobalSection(SolutionConfigurationPlatforms) = preSolution
		Debug|Any CPU = Debug|Any CPU
		Release|Any CPU = Release|Any CPU
	EndGlobalSection
	GlobalSection(ProjectConfigurationPlatforms) = postSolution
		{231D235A-188B-4076-B533-731C4B303962}.Debug|Any CPU.ActiveCfg = Debug|Any CPU
		{231D235A-188B-4076-B533-731C4B303962}.Debug|Any CPU.Build.0 = Debug|Any CPU
		{231D235A-188B-4076-B533-731C4B303962}.Release|Any CPU.ActiveCfg = Release|Any CPU
		{231D235A-188B-4076-B533-731C4B303962}.Release|Any CPU.Build.0 = Release|Any CPU
	EndGlobalSection
	GlobalSection(SolutionProperties) = preSolution
		HideSolutionNode = FALSE
	EndGlobalSection
	GlobalSection(ExtensibilityGlobals) = postSolution
		SolutionGuid = {797ED73F-D6FC-4A76-8473-D8DEA47D9C10}
	EndGlobalSection
EndGlobal
